// !$*UTF8*$!
{
	archiveVersion = 1;
	classes = {
	};
	objectVersion = 56;
	objects = {

/* Begin PBXBuildFile section */
		63F610282A14DEFC00AB60AE /* TouchpadHandlerApp.swift in Sources */ = {isa = PBXBuildFile; fileRef = 63F610272A14DEFC00AB60AE /* TouchpadHandlerApp.swift */; };
		63F6102A2A14DEFC00AB60AE /* ContentView.swift in Sources */ = {isa = PBXBuildFile; fileRef = 63F610292A14DEFC00AB60AE /* ContentView.swift */; };
		63F6102C2A14DEFE00AB60AE /* Assets.xcassets in Resources */ = {isa = PBXBuildFile; fileRef = 63F6102B2A14DEFE00AB60AE /* Assets.xcassets */; };
		63F6102F2A14DEFE00AB60AE /* Preview Assets.xcassets in Resources */ = {isa = PBXBuildFile; fileRef = 63F6102E2A14DEFE00AB60AE /* Preview Assets.xcassets */; };
		63FCBD452A16B0E800A59B5F /* TouchPadView.swift in Sources */ = {isa = PBXBuildFile; fileRef = 63FCBD442A16B0E800A59B5F /* TouchPadView.swift */; };
		63FCBD472A16B49700A59B5F /* FingerIndexes.swift in Sources */ = {isa = PBXBuildFile; fileRef = 63FCBD462A16B49700A59B5F /* FingerIndexes.swift */; };
		63FCBD492A16B5B700A59B5F /* MyView.swift in Sources */ = {isa = PBXBuildFile; fileRef = 63FCBD482A16B5B700A59B5F /* MyView.swift */; };
		63FCBD4B2A16B63A00A59B5F /* TouchableView.swift in Sources */ = {isa = PBXBuildFile; fileRef = 63FCBD4A2A16B63A00A59B5F /* TouchableView.swift */; };
		63FCBD4E2A16B87A00A59B5F /* CustomCornerRadius.swift in Sources */ = {isa = PBXBuildFile; fileRef = 63FCBD4D2A16B87A00A59B5F /* CustomCornerRadius.swift */; };
		63FCBD502A16BA0400A59B5F /* TouchableViewModel.swift in Sources */ = {isa = PBXBuildFile; fileRef = 63FCBD4F2A16BA0400A59B5F /* TouchableViewModel.swift */; };
/* End PBXBuildFile section */

/* Begin PBXFileReference section */
		63F610242A14DEFC00AB60AE /* TouchpadHandler.app */ = {isa = PBXFileReference; explicitFileType = wrapper.application; includeInIndex = 0; path = TouchpadHandler.app; sourceTree = BUILT_PRODUCTS_DIR; };
		63F610272A14DEFC00AB60AE /* TouchpadHandlerApp.swift */ = {isa = PBXFileReference; lastKnownFileType = sourcecode.swift; path = TouchpadHandlerApp.swift; sourceTree = "<group>"; };
		63F610292A14DEFC00AB60AE /* ContentView.swift */ = {isa = PBXFileReference; lastKnownFileType = sourcecode.swift; path = ContentView.swift; sourceTree = "<group>"; };
		63F6102B2A14DEFE00AB60AE /* Assets.xcassets */ = {isa = PBXFileReference; lastKnownFileType = folder.assetcatalog; path = Assets.xcassets; sourceTree = "<group>"; };
		63F6102E2A14DEFE00AB60AE /* Preview Assets.xcassets */ = {isa = PBXFileReference; lastKnownFileType = folder.assetcatalog; path = "Preview Assets.xcassets"; sourceTree = "<group>"; };
		63FCBD402A160B1700A59B5F /* Info.plist */ = {isa = PBXFileReference; lastKnownFileType = text.plist; path = Info.plist; sourceTree = "<group>"; };
		63FCBD442A16B0E800A59B5F /* TouchPadView.swift */ = {isa = PBXFileReference; lastKnownFileType = sourcecode.swift; path = TouchPadView.swift; sourceTree = "<group>"; };
		63FCBD462A16B49700A59B5F /* FingerIndexes.swift */ = {isa = PBXFileReference; lastKnownFileType = sourcecode.swift; path = FingerIndexes.swift; sourceTree = "<group>"; };
		63FCBD482A16B5B700A59B5F /* MyView.swift */ = {isa = PBXFileReference; lastKnownFileType = sourcecode.swift; path = MyView.swift; sourceTree = "<group>"; };
		63FCBD4A2A16B63A00A59B5F /* TouchableView.swift */ = {isa = PBXFileReference; lastKnownFileType = sourcecode.swift; path = TouchableView.swift; sourceTree = "<group>"; };
		63FCBD4D2A16B87A00A59B5F /* CustomCornerRadius.swift */ = {isa = PBXFileReference; lastKnownFileType = sourcecode.swift; path = CustomCornerRadius.swift; sourceTree = "<group>"; };
		63FCBD4F2A16BA0400A59B5F /* TouchableViewModel.swift */ = {isa = PBXFileReference; lastKnownFileType = sourcecode.swift; path = TouchableViewModel.swift; sourceTree = "<group>"; };
/* End PBXFileReference section */

/* Begin PBXFrameworksBuildPhase section */
		63F610212A14DEFC00AB60AE /* Frameworks */ = {
			isa = PBXFrameworksBuildPhase;
			buildActionMask = 2147483647;
			files = (
			);
			runOnlyForDeploymentPostprocessing = 0;
		};
/* End PBXFrameworksBuildPhase section */

/* Begin PBXGroup section */
		63F6101B2A14DEFC00AB60AE = {
			isa = PBXGroup;
			children = (
				63F610262A14DEFC00AB60AE /* TouchpadHandler */,
				63F610252A14DEFC00AB60AE /* Products */,
			);
			sourceTree = "<group>";
		};
		63F610252A14DEFC00AB60AE /* Products */ = {
			isa = PBXGroup;
			children = (
				63F610242A14DEFC00AB60AE /* TouchpadHandler.app */,
			);
			name = Products;
			sourceTree = "<group>";
		};
		63F610262A14DEFC00AB60AE /* TouchpadHandler */ = {
			isa = PBXGroup;
			children = (
				63FCBD422A16B05F00A59B5F /* Model */,
				63FCBD412A16B05000A59B5F /* View */,
				63FCBD432A16B07500A59B5F /* ViewModel */,
				63FCBD4C2A16B7FA00A59B5F /* Extensions */,
				63FCBD402A160B1700A59B5F /* Info.plist */,
				63F610272A14DEFC00AB60AE /* TouchpadHandlerApp.swift */,
				63F610292A14DEFC00AB60AE /* ContentView.swift */,
				63F6102B2A14DEFE00AB60AE /* Assets.xcassets */,
				63F6102D2A14DEFE00AB60AE /* Preview Content */,
			);
			path = TouchpadHandler;
			sourceTree = "<group>";
		};
		63F6102D2A14DEFE00AB60AE /* Preview Content */ = {
			isa = PBXGroup;
			children = (
				63F6102E2A14DEFE00AB60AE /* Preview Assets.xcassets */,
			);
			path = "Preview Content";
			sourceTree = "<group>";
		};
		63FCBD412A16B05000A59B5F /* View */ = {
			isa = PBXGroup;
			children = (
				63FCBD442A16B0E800A59B5F /* TouchPadView.swift */,
				63FCBD482A16B5B700A59B5F /* MyView.swift */,
				63FCBD4A2A16B63A00A59B5F /* TouchableView.swift */,
			);
			path = View;
			sourceTree = "<group>";
		};
		63FCBD422A16B05F00A59B5F /* Model */ = {
			isa = PBXGroup;
			children = (
				63FCBD462A16B49700A59B5F /* FingerIndexes.swift */,
			);
			path = Model;
			sourceTree = "<group>";
		};
		63FCBD432A16B07500A59B5F /* ViewModel */ = {
			isa = PBXGroup;
			children = (
				63FCBD4F2A16BA0400A59B5F /* TouchableViewModel.swift */,
			);
			path = ViewModel;
			sourceTree = "<group>";
		};
		63FCBD4C2A16B7FA00A59B5F /* Extensions */ = {
			isa = PBXGroup;
			children = (
				63FCBD4D2A16B87A00A59B5F /* CustomCornerRadius.swift */,
			);
			path = Extensions;
			sourceTree = "<group>";
		};
/* End PBXGroup section */

/* Begin PBXNativeTarget section */
		63F610232A14DEFC00AB60AE /* TouchpadHandler */ = {
			isa = PBXNativeTarget;
			buildConfigurationList = 63F610322A14DEFE00AB60AE /* Build configuration list for PBXNativeTarget "TouchpadHandler" */;
			buildPhases = (
				63F610202A14DEFC00AB60AE /* Sources */,
				63F610212A14DEFC00AB60AE /* Frameworks */,
				63F610222A14DEFC00AB60AE /* Resources */,
			);
			buildRules = (
			);
			dependencies = (
			);
			name = TouchpadHandler;
			productName = TouchpadHandler;
			productReference = 63F610242A14DEFC00AB60AE /* TouchpadHandler.app */;
			productType = "com.apple.product-type.application";
		};
/* End PBXNativeTarget section */

/* Begin PBXProject section */
		63F6101C2A14DEFC00AB60AE /* Project object */ = {
			isa = PBXProject;
			attributes = {
				BuildIndependentTargetsInParallel = 1;
				LastSwiftUpdateCheck = 1420;
				LastUpgradeCheck = 1420;
				TargetAttributes = {
					63F610232A14DEFC00AB60AE = {
						CreatedOnToolsVersion = 14.2;
					};
				};
			};
			buildConfigurationList = 63F6101F2A14DEFC00AB60AE /* Build configuration list for PBXProject "TouchpadHandler" */;
			compatibilityVersion = "Xcode 14.0";
			developmentRegion = en;
			hasScannedForEncodings = 0;
			knownRegions = (
				en,
				Base,
			);
			mainGroup = 63F6101B2A14DEFC00AB60AE;
			productRefGroup = 63F610252A14DEFC00AB60AE /* Products */;
			projectDirPath = "";
			projectRoot = "";
			targets = (
				63F610232A14DEFC00AB60AE /* TouchpadHandler */,
			);
		};
/* End PBXProject section */

/* Begin PBXResourcesBuildPhase section */
		63F610222A14DEFC00AB60AE /* Resources */ = {
			isa = PBXResourcesBuildPhase;
			buildActionMask = 2147483647;
			files = (
				63F6102F2A14DEFE00AB60AE /* Preview Assets.xcassets in Resources */,
				63F6102C2A14DEFE00AB60AE /* Assets.xcassets in Resources */,
			);
			runOnlyForDeploymentPostprocessing = 0;
		};
/* End PBXResourcesBuildPhase section */

/* Begin PBXSourcesBuildPhase section */
		63F610202A14DEFC00AB60AE /* Sources */ = {
			isa = PBXSourcesBuildPhase;
			buildActionMask = 2147483647;
			files = (
				63FCBD4B2A16B63A00A59B5F /* TouchableView.swift in Sources */,
				63F6102A2A14DEFC00AB60AE /* ContentView.swift in Sources */,
				63FCBD472A16B49700A59B5F /* FingerIndexes.swift in Sources */,
				63FCBD492A16B5B700A59B5F /* MyView.swift in Sources */,
				63FCBD452A16B0E800A59B5F /* TouchPadView.swift in Sources */,
				63FCBD4E2A16B87A00A59B5F /* CustomCornerRadius.swift in Sources */,
				63FCBD502A16BA0400A59B5F /* TouchableViewModel.swift in Sources */,
				63F610282A14DEFC00AB60AE /* TouchpadHandlerApp.swift in Sources */,
			);
			runOnlyForDeploymentPostprocessing = 0;
		};
/* End PBXSourcesBuildPhase section */

/* Begin XCBuildConfiguration section */
		63F610302A14DEFE00AB60AE /* Debug */ = {
			isa = XCBuildConfiguration;
			buildSettings = {
				ALWAYS_SEARCH_USER_PATHS = NO;
				CLANG_ANALYZER_NONNULL = YES;
				CLANG_ANALYZER_NUMBER_OBJECT_CONVERSION = YES_AGGRESSIVE;
				CLANG_CXX_LANGUAGE_STANDARD = "gnu++20";
				CLANG_ENABLE_MODULES = YES;
				CLANG_ENABLE_OBJC_ARC = YES;
				CLANG_ENABLE_OBJC_WEAK = YES;
				CLANG_WARN_BLOCK_CAPTURE_AUTORELEASING = YES;
				CLANG_WARN_BOOL_CONVERSION = YES;
				CLANG_WARN_COMMA = YES;
				CLANG_WARN_CONSTANT_CONVERSION = YES;
				CLANG_WARN_DEPRECATED_OBJC_IMPLEMENTATIONS = YES;
				CLANG_WARN_DIRECT_OBJC_ISA_USAGE = YES_ERROR;
				CLANG_WARN_DOCUMENTATION_COMMENTS = YES;
				CLANG_WARN_EMPTY_BODY = YES;
				CLANG_WARN_ENUM_CONVERSION = YES;
				CLANG_WARN_INFINITE_RECURSION = YES;
				CLANG_WARN_INT_CONVERSION = YES;
				CLANG_WARN_NON_LITERAL_NULL_CONVERSION = YES;
				CLANG_WARN_OBJC_IMPLICIT_RETAIN_SELF = YES;
				CLANG_WARN_OBJC_LITERAL_CONVERSION = YES;
				CLANG_WARN_OBJC_ROOT_CLASS = YES_ERROR;
				CLANG_WARN_QUOTED_INCLUDE_IN_FRAMEWORK_HEADER = YES;
				CLANG_WARN_RANGE_LOOP_ANALYSIS = YES;
				CLANG_WARN_STRICT_PROTOTYPES = YES;
				CLANG_WARN_SUSPICIOUS_MOVE = YES;
				CLANG_WARN_UNGUARDED_AVAILABILITY = YES_AGGRESSIVE;
				CLANG_WARN_UNREACHABLE_CODE = YES;
				CLANG_WARN__DUPLICATE_METHOD_MATCH = YES;
				COPY_PHASE_STRIP = NO;
				DEBUG_INFORMATION_FORMAT = dwarf;
				ENABLE_STRICT_OBJC_MSGSEND = YES;
				ENABLE_TESTABILITY = YES;
				GCC_C_LANGUAGE_STANDARD = gnu11;
				GCC_DYNAMIC_NO_PIC = NO;
				GCC_NO_COMMON_BLOCKS = YES;
				GCC_OPTIMIZATION_LEVEL = 0;
				GCC_PREPROCESSOR_DEFINITIONS = (
					"DEBUG=1",
					"$(inherited)",
				);
				GCC_WARN_64_TO_32_BIT_CONVERSION = YES;
				GCC_WARN_ABOUT_RETURN_TYPE = YES_ERROR;
				GCC_WARN_UNDECLARED_SELECTOR = YES;
				GCC_WARN_UNINITIALIZED_AUTOS = YES_AGGRESSIVE;
				GCC_WARN_UNUSED_FUNCTION = YES;
				GCC_WARN_UNUSED_VARIABLE = YES;
				IPHONEOS_DEPLOYMENT_TARGET = 16.2;
				MTL_ENABLE_DEBUG_INFO = INCLUDE_SOURCE;
				MTL_FAST_MATH = YES;
				ONLY_ACTIVE_ARCH = YES;
				SDKROOT = iphoneos;
				SWIFT_ACTIVE_COMPILATION_CONDITIONS = DEBUG;
				SWIFT_OPTIMIZATION_LEVEL = "-Onone";
			};
			name = Debug;
		};
		63F610312A14DEFE00AB60AE /* Release */ = {
			isa = XCBuildConfiguration;
			buildSettings = {
				ALWAYS_SEARCH_USER_PATHS = NO;
				CLANG_ANALYZER_NONNULL = YES;
				CLANG_ANALYZER_NUMBER_OBJECT_CONVERSION = YES_AGGRESSIVE;
				CLANG_CXX_LANGUAGE_STANDARD = "gnu++20";
				CLANG_ENABLE_MODULES = YES;
				CLANG_ENABLE_OBJC_ARC = YES;
				CLANG_ENABLE_OBJC_WEAK = YES;
				CLANG_WARN_BLOCK_CAPTURE_AUTORELEASING = YES;
				CLANG_WARN_BOOL_CONVERSION = YES;
				CLANG_WARN_COMMA = YES;
				CLANG_WARN_CONSTANT_CONVERSION = YES;
				CLANG_WARN_DEPRECATED_OBJC_IMPLEMENTATIONS = YES;
				CLANG_WARN_DIRECT_OBJC_ISA_USAGE = YES_ERROR;
				CLANG_WARN_DOCUMENTATION_COMMENTS = YES;
				CLANG_WARN_EMPTY_BODY = YES;
				CLANG_WARN_ENUM_CONVERSION = YES;
				CLANG_WARN_INFINITE_RECURSION = YES;
				CLANG_WARN_INT_CONVERSION = YES;
				CLANG_WARN_NON_LITERAL_NULL_CONVERSION = YES;
				CLANG_WARN_OBJC_IMPLICIT_RETAIN_SELF = YES;
				CLANG_WARN_OBJC_LITERAL_CONVERSION = YES;
				CLANG_WARN_OBJC_ROOT_CLASS = YES_ERROR;
				CLANG_WARN_QUOTED_INCLUDE_IN_FRAMEWORK_HEADER = YES;
				CLANG_WARN_RANGE_LOOP_ANALYSIS = YES;
				CLANG_WARN_STRICT_PROTOTYPES = YES;
				CLANG_WARN_SUSPICIOUS_MOVE = YES;
				CLANG_WARN_UNGUARDED_AVAILABILITY = YES_AGGRESSIVE;
				CLANG_WARN_UNREACHABLE_CODE = YES;
				CLANG_WARN__DUPLICATE_METHOD_MATCH = YES;
				COPY_PHASE_STRIP = NO;
				DEBUG_INFORMATION_FORMAT = "dwarf-with-dsym";
				ENABLE_NS_ASSERTIONS = NO;
				ENABLE_STRICT_OBJC_MSGSEND = YES;
				GCC_C_LANGUAGE_STANDARD = gnu11;
				GCC_NO_COMMON_BLOCKS = YES;
				GCC_WARN_64_TO_32_BIT_CONVERSION = YES;
				GCC_WARN_ABOUT_RETURN_TYPE = YES_ERROR;
				GCC_WARN_UNDECLARED_SELECTOR = YES;
				GCC_WARN_UNINITIALIZED_AUTOS = YES_AGGRESSIVE;
				GCC_WARN_UNUSED_FUNCTION = YES;
				GCC_WARN_UNUSED_VARIABLE = YES;
				IPHONEOS_DEPLOYMENT_TARGET = 16.2;
				MTL_ENABLE_DEBUG_INFO = NO;
				MTL_FAST_MATH = YES;
				SDKROOT = iphoneos;
				SWIFT_COMPILATION_MODE = wholemodule;
				SWIFT_OPTIMIZATION_LEVEL = "-O";
				VALIDATE_PRODUCT = YES;
			};
			name = Release;
		};
		63F610332A14DEFE00AB60AE /* Debug */ = {
			isa = XCBuildConfiguration;
			buildSettings = {
				ASSETCATALOG_COMPILER_APPICON_NAME = AppIcon;
				ASSETCATALOG_COMPILER_GLOBAL_ACCENT_COLOR_NAME = AccentColor;
				CODE_SIGN_STYLE = Automatic;
				CURRENT_PROJECT_VERSION = 1;
				DEVELOPMENT_ASSET_PATHS = "\"TouchpadHandler/Preview Content\"";
				DEVELOPMENT_TEAM = 4B67BR968B;
				ENABLE_PREVIEWS = YES;
				GENERATE_INFOPLIST_FILE = YES;
				INFOPLIST_FILE = TouchpadHandler/Info.plist;
				INFOPLIST_KEY_UIApplicationSupportsIndirectInputEvents = YES;
				INFOPLIST_KEY_UILaunchScreen_Generation = YES;
				INFOPLIST_KEY_UISupportedInterfaceOrientations = UIInterfaceOrientationPortrait;
				INFOPLIST_KEY_UISupportedInterfaceOrientations_iPad = "UIInterfaceOrientationLandscapeLeft UIInterfaceOrientationLandscapeRight UIInterfaceOrientationPortrait UIInterfaceOrientationPortraitUpsideDown";
				LD_RUNPATH_SEARCH_PATHS = (
					"$(inherited)",
					"@executable_path/Frameworks",
				);
				MARKETING_VERSION = 1.0;
				PRODUCT_BUNDLE_IDENTIFIER = com.sadunenko.TouchpadHandler;
				PRODUCT_NAME = "$(TARGET_NAME)";
				SWIFT_EMIT_LOC_STRINGS = YES;
				SWIFT_VERSION = 5.0;
				TARGETED_DEVICE_FAMILY = "1,2";
			};
			name = Debug;
		};
		63F610342A14DEFE00AB60AE /* Release */ = {
			isa = XCBuildConfiguration;
			buildSettings = {
				ASSETCATALOG_COMPILER_APPICON_NAME = AppIcon;
				ASSETCATALOG_COMPILER_GLOBAL_ACCENT_COLOR_NAME = AccentColor;
				CODE_SIGN_STYLE = Automatic;
				CURRENT_PROJECT_VERSION = 1;
				DEVELOPMENT_ASSET_PATHS = "\"TouchpadHandler/Preview Content\"";
				DEVELOPMENT_TEAM = 4B67BR968B;
				ENABLE_PREVIEWS = YES;
				GENERATE_INFOPLIST_FILE = YES;
				INFOPLIST_FILE = TouchpadHandler/Info.plist;
				INFOPLIST_KEY_UIApplicationSupportsIndirectInputEvents = YES;
				INFOPLIST_KEY_UILaunchScreen_Generation = YES;
				INFOPLIST_KEY_UISupportedInterfaceOrientations = UIInterfaceOrientationPortrait;
				INFOPLIST_KEY_UISupportedInterfaceOrientations_iPad = "UIInterfaceOrientationLandscapeLeft UIInterfaceOrientationLandscapeRight UIInterfaceOrientationPortrait UIInterfaceOrientationPortraitUpsideDown";
				LD_RUNPATH_SEARCH_PATHS = (
					"$(inherited)",
					"@executable_path/Frameworks",
				);
				MARKETING_VERSION = 1.0;
				PRODUCT_BUNDLE_IDENTIFIER = com.sadunenko.TouchpadHandler;
				PRODUCT_NAME = "$(TARGET_NAME)";
				SWIFT_EMIT_LOC_STRINGS = YES;
				SWIFT_VERSION = 5.0;
				TARGETED_DEVICE_FAMILY = "1,2";
			};
			name = Release;
		};
/* End XCBuildConfiguration section */

/* Begin XCConfigurationList section */
		63F6101F2A14DEFC00AB60AE /* Build configuration list for PBXProject "TouchpadHandler" */ = {
			isa = XCConfigurationList;
			buildConfigurations = (
				63F610302A14DEFE00AB60AE /* Debug */,
				63F610312A14DEFE00AB60AE /* Release */,
			);
			defaultConfigurationIsVisible = 0;
			defaultConfigurationName = Release;
		};
		63F610322A14DEFE00AB60AE /* Build configuration list for PBXNativeTarget "TouchpadHandler" */ = {
			isa = XCConfigurationList;
			buildConfigurations = (
				63F610332A14DEFE00AB60AE /* Debug */,
				63F610342A14DEFE00AB60AE /* Release */,
			);
			defaultConfigurationIsVisible = 0;
			defaultConfigurationName = Release;
		};
/* End XCConfigurationList section */
	};
	rootObject = 63F6101C2A14DEFC00AB60AE /* Project object */;
}
